dependencies:
  espressif/servo:
    component_hash: 590e8811e0542d04cef3d355cced4bdbdf132bdd8a770e894201ba24743b2acf
    dependencies:
    - name: idf
      require: private
      version: '>=4.4'
    source:
      registry_url: https://components.espressif.com/
      type: service
    version: 1.0.0
  idf:
    source:
      type: idf
    version: 6.2.0
direct_dependencies:
- espressif/servo
manifest_hash: 5f95af0ddac92d2def1f683fef87f815297f2fe2d394373516a22c2584c2c0a0
target: esp32
version: 3.0.0
